
Microsoft Visual Studio Solution File, Format Version 12.00
# Visual Studio Version 17
VisualStudioVersion = 17.5.33424.131
MinimumVisualStudioVersion = 10.0.40219.1
Project("{9092AA53-FB77-4645-B42D-1CCCA6BD08BD}") = "day8", "day8\day8.njsproj", "{9E2D8A80-D3CD-41FE-8F78-2CFAACF2E965}"
EndProject
Project("{2150E333-8FDC-42A3-9474-1A3956D46DE8}") = "Solution Items", "Solution Items", "{A58567F7-85B3-4CCD-9AE4-87CD40F590A2}"
	ProjectSection(SolutionItems) = preProject
		.gitignore = .gitignore
	EndProjectSection
EndProject
Project("{8BC9CEB8-8B4A-11D0-8D11-00A0C91BC942}") = "day1", "day1\day1.vcxproj", "{1194DEF6-CC95-4550-A185-F7977B0E9772}"
EndProject
Project("{8BC9CEB8-8B4A-11D0-8D11-00A0C91BC942}") = "CppUtils", "CppUtils\CppUtils.vcxproj", "{46181B47-CAC8-4177-836A-617208BBCA32}"
EndProject
Project("{8BC9CEB8-8B4A-11D0-8D11-00A0C91BC942}") = "day2", "day2\day2.vcxproj", "{9D812A78-70C0-4652-8D33-5979BCB37919}"
EndProject
Project("{8BC9CEB8-8B4A-11D0-8D11-00A0C91BC942}") = "day3", "day3\day3.vcxproj", "{EC9777D4-701B-4CEF-9DA6-6D0F852943F2}"
EndProject
Project("{8BC9CEB8-8B4A-11D0-8D11-00A0C91BC942}") = "day4", "day4\day4.vcxproj", "{F48E609A-D206-4252-AEBD-440B6937C31E}"
EndProject
Global
	GlobalSection(SolutionConfigurationPlatforms) = preSolution
		Debug|Any CPU = Debug|Any CPU
		Debug|x64 = Debug|x64
		Debug|x86 = Debug|x86
		Release|Any CPU = Release|Any CPU
		Release|x64 = Release|x64
		Release|x86 = Release|x86
	EndGlobalSection
	GlobalSection(ProjectConfigurationPlatforms) = postSolution
		{9E2D8A80-D3CD-41FE-8F78-2CFAACF2E965}.Debug|Any CPU.ActiveCfg = Debug|Any CPU
		{9E2D8A80-D3CD-41FE-8F78-2CFAACF2E965}.Debug|Any CPU.Build.0 = Debug|Any CPU
		{9E2D8A80-D3CD-41FE-8F78-2CFAACF2E965}.Debug|x64.ActiveCfg = Debug|Any CPU
		{9E2D8A80-D3CD-41FE-8F78-2CFAACF2E965}.Debug|x64.Build.0 = Debug|Any CPU
		{9E2D8A80-D3CD-41FE-8F78-2CFAACF2E965}.Debug|x86.ActiveCfg = Debug|Any CPU
		{9E2D8A80-D3CD-41FE-8F78-2CFAACF2E965}.Debug|x86.Build.0 = Debug|Any CPU
		{9E2D8A80-D3CD-41FE-8F78-2CFAACF2E965}.Release|Any CPU.ActiveCfg = Release|Any CPU
		{9E2D8A80-D3CD-41FE-8F78-2CFAACF2E965}.Release|Any CPU.Build.0 = Release|Any CPU
		{9E2D8A80-D3CD-41FE-8F78-2CFAACF2E965}.Release|x64.ActiveCfg = Release|Any CPU
		{9E2D8A80-D3CD-41FE-8F78-2CFAACF2E965}.Release|x64.Build.0 = Release|Any CPU
		{9E2D8A80-D3CD-41FE-8F78-2CFAACF2E965}.Release|x86.ActiveCfg = Release|Any CPU
		{9E2D8A80-D3CD-41FE-8F78-2CFAACF2E965}.Release|x86.Build.0 = Release|Any CPU
		{1194DEF6-CC95-4550-A185-F7977B0E9772}.Debug|Any CPU.ActiveCfg = Debug|x64
		{1194DEF6-CC95-4550-A185-F7977B0E9772}.Debug|Any CPU.Build.0 = Debug|x64
		{1194DEF6-CC95-4550-A185-F7977B0E9772}.Debug|x64.ActiveCfg = Debug|x64
		{1194DEF6-CC95-4550-A185-F7977B0E9772}.Debug|x64.Build.0 = Debug|x64
		{1194DEF6-CC95-4550-A185-F7977B0E9772}.Debug|x86.ActiveCfg = Debug|Win32
		{1194DEF6-CC95-4550-A185-F7977B0E9772}.Debug|x86.Build.0 = Debug|Win32
		{1194DEF6-CC95-4550-A185-F7977B0E9772}.Release|Any CPU.ActiveCfg = Release|x64
		{1194DEF6-CC95-4550-A185-F7977B0E9772}.Release|Any CPU.Build.0 = Release|x64
		{1194DEF6-CC95-4550-A185-F7977B0E9772}.Release|x64.ActiveCfg = Release|x64
		{1194DEF6-CC95-4550-A185-F7977B0E9772}.Release|x64.Build.0 = Release|x64
		{1194DEF6-CC95-4550-A185-F7977B0E9772}.Release|x86.ActiveCfg = Release|Win32
		{1194DEF6-CC95-4550-A185-F7977B0E9772}.Release|x86.Build.0 = Release|Win32
		{46181B47-CAC8-4177-836A-617208BBCA32}.Debug|Any CPU.ActiveCfg = Debug|x64
		{46181B47-CAC8-4177-836A-617208BBCA32}.Debug|Any CPU.Build.0 = Debug|x64
		{46181B47-CAC8-4177-836A-617208BBCA32}.Debug|x64.ActiveCfg = Debug|x64
		{46181B47-CAC8-4177-836A-617208BBCA32}.Debug|x64.Build.0 = Debug|x64
		{46181B47-CAC8-4177-836A-617208BBCA32}.Debug|x86.ActiveCfg = Debug|Win32
		{46181B47-CAC8-4177-836A-617208BBCA32}.Debug|x86.Build.0 = Debug|Win32
		{46181B47-CAC8-4177-836A-617208BBCA32}.Release|Any CPU.ActiveCfg = Release|x64
		{46181B47-CAC8-4177-836A-617208BBCA32}.Release|Any CPU.Build.0 = Release|x64
		{46181B47-CAC8-4177-836A-617208BBCA32}.Release|x64.ActiveCfg = Release|x64
		{46181B47-CAC8-4177-836A-617208BBCA32}.Release|x64.Build.0 = Release|x64
		{46181B47-CAC8-4177-836A-617208BBCA32}.Release|x86.ActiveCfg = Release|Win32
		{46181B47-CAC8-4177-836A-617208BBCA32}.Release|x86.Build.0 = Release|Win32
		{9D812A78-70C0-4652-8D33-5979BCB37919}.Debug|Any CPU.ActiveCfg = Debug|x64
		{9D812A78-70C0-4652-8D33-5979BCB37919}.Debug|Any CPU.Build.0 = Debug|x64
		{9D812A78-70C0-4652-8D33-5979BCB37919}.Debug|x64.ActiveCfg = Debug|x64
		{9D812A78-70C0-4652-8D33-5979BCB37919}.Debug|x64.Build.0 = Debug|x64
		{9D812A78-70C0-4652-8D33-5979BCB37919}.Debug|x86.ActiveCfg = Debug|Win32
		{9D812A78-70C0-4652-8D33-5979BCB37919}.Debug|x86.Build.0 = Debug|Win32
		{9D812A78-70C0-4652-8D33-5979BCB37919}.Release|Any CPU.ActiveCfg = Release|x64
		{9D812A78-70C0-4652-8D33-5979BCB37919}.Release|Any CPU.Build.0 = Release|x64
		{9D812A78-70C0-4652-8D33-5979BCB37919}.Release|x64.ActiveCfg = Release|x64
		{9D812A78-70C0-4652-8D33-5979BCB37919}.Release|x64.Build.0 = Release|x64
		{9D812A78-70C0-4652-8D33-5979BCB37919}.Release|x86.ActiveCfg = Release|Win32
		{9D812A78-70C0-4652-8D33-5979BCB37919}.Release|x86.Build.0 = Release|Win32
		{EC9777D4-701B-4CEF-9DA6-6D0F852943F2}.Debug|Any CPU.ActiveCfg = Debug|x64
		{EC9777D4-701B-4CEF-9DA6-6D0F852943F2}.Debug|Any CPU.Build.0 = Debug|x64
		{EC9777D4-701B-4CEF-9DA6-6D0F852943F2}.Debug|x64.ActiveCfg = Debug|x64
		{EC9777D4-701B-4CEF-9DA6-6D0F852943F2}.Debug|x64.Build.0 = Debug|x64
		{EC9777D4-701B-4CEF-9DA6-6D0F852943F2}.Debug|x86.ActiveCfg = Debug|Win32
		{EC9777D4-701B-4CEF-9DA6-6D0F852943F2}.Debug|x86.Build.0 = Debug|Win32
		{EC9777D4-701B-4CEF-9DA6-6D0F852943F2}.Release|Any CPU.ActiveCfg = Release|x64
		{EC9777D4-701B-4CEF-9DA6-6D0F852943F2}.Release|Any CPU.Build.0 = Release|x64
		{EC9777D4-701B-4CEF-9DA6-6D0F852943F2}.Release|x64.ActiveCfg = Release|x64
		{EC9777D4-701B-4CEF-9DA6-6D0F852943F2}.Release|x64.Build.0 = Release|x64
		{EC9777D4-701B-4CEF-9DA6-6D0F852943F2}.Release|x86.ActiveCfg = Release|Win32
		{EC9777D4-701B-4CEF-9DA6-6D0F852943F2}.Release|x86.Build.0 = Release|Win32
		{F48E609A-D206-4252-AEBD-440B6937C31E}.Debug|Any CPU.ActiveCfg = Debug|x64
		{F48E609A-D206-4252-AEBD-440B6937C31E}.Debug|Any CPU.Build.0 = Debug|x64
		{F48E609A-D206-4252-AEBD-440B6937C31E}.Debug|x64.ActiveCfg = Debug|x64
		{F48E609A-D206-4252-AEBD-440B6937C31E}.Debug|x64.Build.0 = Debug|x64
		{F48E609A-D206-4252-AEBD-440B6937C31E}.Debug|x86.ActiveCfg = Debug|Win32
		{F48E609A-D206-4252-AEBD-440B6937C31E}.Debug|x86.Build.0 = Debug|Win32
		{F48E609A-D206-4252-AEBD-440B6937C31E}.Release|Any CPU.ActiveCfg = Release|x64
		{F48E609A-D206-4252-AEBD-440B6937C31E}.Release|Any CPU.Build.0 = Release|x64
		{F48E609A-D206-4252-AEBD-440B6937C31E}.Release|x64.ActiveCfg = Release|x64
		{F48E609A-D206-4252-AEBD-440B6937C31E}.Release|x64.Build.0 = Release|x64
		{F48E609A-D206-4252-AEBD-440B6937C31E}.Release|x86.ActiveCfg = Release|Win32
		{F48E609A-D206-4252-AEBD-440B6937C31E}.Release|x86.Build.0 = Release|Win32
	EndGlobalSection
	GlobalSection(SolutionProperties) = preSolution
		HideSolutionNode = FALSE
	EndGlobalSection
	GlobalSection(ExtensibilityGlobals) = postSolution
		SolutionGuid = {BD2EAE8C-1587-42E9-8F99-7C174D0F6220}
	EndGlobalSection
EndGlobal
